// !$*UTF8*$!
{
	archiveVersion = 1;
	classes = {
	};
	objectVersion = 56;
	objects = {

/* Begin PBXBuildFile section */
		7747965828F69A63001A13E1 /* AppDelegate.swift in Sources */ = {isa = PBXBuildFile; fileRef = 7747965728F69A63001A13E1 /* AppDelegate.swift */; };
		7747965A28F69A63001A13E1 /* SceneDelegate.swift in Sources */ = {isa = PBXBuildFile; fileRef = 7747965928F69A63001A13E1 /* SceneDelegate.swift */; };
		7747965F28F69A63001A13E1 /* Main.storyboard in Resources */ = {isa = PBXBuildFile; fileRef = 7747965D28F69A63001A13E1 /* Main.storyboard */; };
		7747966228F69A63001A13E1 /* LayaAppVerson1.xcdatamodeld in Sources */ = {isa = PBXBuildFile; fileRef = 7747966028F69A63001A13E1 /* LayaAppVerson1.xcdatamodeld */; };
		7747966428F69A65001A13E1 /* Assets.xcassets in Resources */ = {isa = PBXBuildFile; fileRef = 7747966328F69A65001A13E1 /* Assets.xcassets */; };
		7747966728F69A65001A13E1 /* LaunchScreen.storyboard in Resources */ = {isa = PBXBuildFile; fileRef = 7747966528F69A65001A13E1 /* LaunchScreen.storyboard */; };
		7747967628F6C634001A13E1 /* Data.swift in Sources */ = {isa = PBXBuildFile; fileRef = 7747967528F6C634001A13E1 /* Data.swift */; };
		7747967828F6C648001A13E1 /* DataShop.swift in Sources */ = {isa = PBXBuildFile; fileRef = 7747967728F6C648001A13E1 /* DataShop.swift */; };
		7747967A28F6C6FC001A13E1 /* DataModel.swift in Sources */ = {isa = PBXBuildFile; fileRef = 7747967928F6C6FC001A13E1 /* DataModel.swift */; };
		7747967E28F6C7A3001A13E1 /* IndexTableViewController.swift in Sources */ = {isa = PBXBuildFile; fileRef = 7747967D28F6C7A3001A13E1 /* IndexTableViewController.swift */; };
		7747968028F6C7B4001A13E1 /* IndexTableViewCell.swift in Sources */ = {isa = PBXBuildFile; fileRef = 7747967F28F6C7B4001A13E1 /* IndexTableViewCell.swift */; };
		7747968428F6C7F3001A13E1 /* ShopTableViewController.swift in Sources */ = {isa = PBXBuildFile; fileRef = 7747968328F6C7F3001A13E1 /* ShopTableViewController.swift */; };
		7747968628F6C805001A13E1 /* ShopTableViewCell.swift in Sources */ = {isa = PBXBuildFile; fileRef = 7747968528F6C805001A13E1 /* ShopTableViewCell.swift */; };
		7747968A28F6E81B001A13E1 /* indexShopTableViewCell.swift in Sources */ = {isa = PBXBuildFile; fileRef = 7747968928F6E81B001A13E1 /* indexShopTableViewCell.swift */; };
		7747968C28F6E82F001A13E1 /* indexShopTableViewController.swift in Sources */ = {isa = PBXBuildFile; fileRef = 7747968B28F6E82F001A13E1 /* indexShopTableViewController.swift */; };
		7747968E28F6E886001A13E1 /* indexShopUITableView.swift in Sources */ = {isa = PBXBuildFile; fileRef = 7747968D28F6E886001A13E1 /* indexShopUITableView.swift */; };
		7747969128F6EC7B001A13E1 /* Kingfisher in Frameworks */ = {isa = PBXBuildFile; productRef = 7747969028F6EC7B001A13E1 /* Kingfisher */; };
		778E666E28F8112A001A50E1 /* ShopSellListTableViewCell.swift in Sources */ = {isa = PBXBuildFile; fileRef = 778E666D28F8112A001A50E1 /* ShopSellListTableViewCell.swift */; };
		778E667028F8115F001A50E1 /* ShopSellTableViewController.swift in Sources */ = {isa = PBXBuildFile; fileRef = 778E666F28F8115F001A50E1 /* ShopSellTableViewController.swift */; };
		778E667328F8EDBE001A50E1 /* ShopItemsTableViewController.swift in Sources */ = {isa = PBXBuildFile; fileRef = 778E667228F8EDBE001A50E1 /* ShopItemsTableViewController.swift */; };
		778E667728F8F1BB001A50E1 /* DataShopItem.swift in Sources */ = {isa = PBXBuildFile; fileRef = 778E667628F8F1BB001A50E1 /* DataShopItem.swift */; };
		778E667928F8FC56001A50E1 /* ShopItemsTableViewCell.swift in Sources */ = {isa = PBXBuildFile; fileRef = 778E667828F8FC56001A50E1 /* ShopItemsTableViewCell.swift */; };
		77C5DD1328FA66BD00BCDCA8 /* ShopItemMoreTableViewCell.swift in Sources */ = {isa = PBXBuildFile; fileRef = 77C5DD1228FA66BD00BCDCA8 /* ShopItemMoreTableViewCell.swift */; };
		77C5DD1728FAB08B00BCDCA8 /* ShopItemSetTableViewController.swift in Sources */ = {isa = PBXBuildFile; fileRef = 77C5DD1628FAB08B00BCDCA8 /* ShopItemSetTableViewController.swift */; };
		77C5DD1928FAB0A900BCDCA8 /* ShopItemSetTableViewCell.swift in Sources */ = {isa = PBXBuildFile; fileRef = 77C5DD1828FAB0A900BCDCA8 /* ShopItemSetTableViewCell.swift */; };
		77D46D8D28FC15230064BBEC /* orderList.swift in Sources */ = {isa = PBXBuildFile; fileRef = 77D46D8C28FC15230064BBEC /* orderList.swift */; };
		77D46D8F28FC20DE0064BBEC /* orderListItem.swift in Sources */ = {isa = PBXBuildFile; fileRef = 77D46D8E28FC20DE0064BBEC /* orderListItem.swift */; };
		9CBAA19E28FF8C1700B91988 /* OrderListTableViewController.swift in Sources */ = {isa = PBXBuildFile; fileRef = 9CBAA19D28FF8C1700B91988 /* OrderListTableViewController.swift */; };
		9CBAA1A028FF8D7300B91988 /* OrderListTableViewCell.swift in Sources */ = {isa = PBXBuildFile; fileRef = 9CBAA19F28FF8D7300B91988 /* OrderListTableViewCell.swift */; };
/* End PBXBuildFile section */

/* Begin PBXFileReference section */
		7747965428F69A63001A13E1 /* LayaAppVerson1.app */ = {isa = PBXFileReference; explicitFileType = wrapper.application; includeInIndex = 0; path = LayaAppVerson1.app; sourceTree = BUILT_PRODUCTS_DIR; };
		7747965728F69A63001A13E1 /* AppDelegate.swift */ = {isa = PBXFileReference; lastKnownFileType = sourcecode.swift; path = AppDelegate.swift; sourceTree = "<group>"; };
		7747965928F69A63001A13E1 /* SceneDelegate.swift */ = {isa = PBXFileReference; lastKnownFileType = sourcecode.swift; path = SceneDelegate.swift; sourceTree = "<group>"; };
		7747965E28F69A63001A13E1 /* Base */ = {isa = PBXFileReference; lastKnownFileType = file.storyboard; name = Base; path = Base.lproj/Main.storyboard; sourceTree = "<group>"; };
		7747966128F69A63001A13E1 /* LayaAppVerson1.xcdatamodel */ = {isa = PBXFileReference; lastKnownFileType = wrapper.xcdatamodel; path = LayaAppVerson1.xcdatamodel; sourceTree = "<group>"; };
		7747966328F69A65001A13E1 /* Assets.xcassets */ = {isa = PBXFileReference; lastKnownFileType = folder.assetcatalog; path = Assets.xcassets; sourceTree = "<group>"; };
		7747966628F69A65001A13E1 /* Base */ = {isa = PBXFileReference; lastKnownFileType = file.storyboard; name = Base; path = Base.lproj/LaunchScreen.storyboard; sourceTree = "<group>"; };
		7747966828F69A65001A13E1 /* Info.plist */ = {isa = PBXFileReference; lastKnownFileType = text.plist.xml; path = Info.plist; sourceTree = "<group>"; };
		7747967528F6C634001A13E1 /* Data.swift */ = {isa = PBXFileReference; lastKnownFileType = sourcecode.swift; path = Data.swift; sourceTree = "<group>"; };
		7747967728F6C648001A13E1 /* DataShop.swift */ = {isa = PBXFileReference; lastKnownFileType = sourcecode.swift; path = DataShop.swift; sourceTree = "<group>"; };
		7747967928F6C6FC001A13E1 /* DataModel.swift */ = {isa = PBXFileReference; lastKnownFileType = sourcecode.swift; path = DataModel.swift; sourceTree = "<group>"; };
		7747967D28F6C7A3001A13E1 /* IndexTableViewController.swift */ = {isa = PBXFileReference; lastKnownFileType = sourcecode.swift; path = IndexTableViewController.swift; sourceTree = "<group>"; };
		7747967F28F6C7B4001A13E1 /* IndexTableViewCell.swift */ = {isa = PBXFileReference; lastKnownFileType = sourcecode.swift; path = IndexTableViewCell.swift; sourceTree = "<group>"; };
		7747968328F6C7F3001A13E1 /* ShopTableViewController.swift */ = {isa = PBXFileReference; lastKnownFileType = sourcecode.swift; path = ShopTableViewController.swift; sourceTree = "<group>"; };
		7747968528F6C805001A13E1 /* ShopTableViewCell.swift */ = {isa = PBXFileReference; lastKnownFileType = sourcecode.swift; path = ShopTableViewCell.swift; sourceTree = "<group>"; };
		7747968928F6E81B001A13E1 /* indexShopTableViewCell.swift */ = {isa = PBXFileReference; lastKnownFileType = sourcecode.swift; path = indexShopTableViewCell.swift; sourceTree = "<group>"; };
		7747968B28F6E82F001A13E1 /* indexShopTableViewController.swift */ = {isa = PBXFileReference; lastKnownFileType = sourcecode.swift; path = indexShopTableViewController.swift; sourceTree = "<group>"; };
		7747968D28F6E886001A13E1 /* indexShopUITableView.swift */ = {isa = PBXFileReference; lastKnownFileType = sourcecode.swift; path = indexShopUITableView.swift; sourceTree = "<group>"; };
		778E666D28F8112A001A50E1 /* ShopSellListTableViewCell.swift */ = {isa = PBXFileReference; lastKnownFileType = sourcecode.swift; path = ShopSellListTableViewCell.swift; sourceTree = "<group>"; };
		778E666F28F8115F001A50E1 /* ShopSellTableViewController.swift */ = {isa = PBXFileReference; lastKnownFileType = sourcecode.swift; path = ShopSellTableViewController.swift; sourceTree = "<group>"; };
		778E667228F8EDBE001A50E1 /* ShopItemsTableViewController.swift */ = {isa = PBXFileReference; lastKnownFileType = sourcecode.swift; path = ShopItemsTableViewController.swift; sourceTree = "<group>"; };
		778E667628F8F1BB001A50E1 /* DataShopItem.swift */ = {isa = PBXFileReference; lastKnownFileType = sourcecode.swift; path = DataShopItem.swift; sourceTree = "<group>"; };
		778E667828F8FC56001A50E1 /* ShopItemsTableViewCell.swift */ = {isa = PBXFileReference; lastKnownFileType = sourcecode.swift; path = ShopItemsTableViewCell.swift; sourceTree = "<group>"; };
		77C5DD1228FA66BD00BCDCA8 /* ShopItemMoreTableViewCell.swift */ = {isa = PBXFileReference; lastKnownFileType = sourcecode.swift; path = ShopItemMoreTableViewCell.swift; sourceTree = "<group>"; };
		77C5DD1628FAB08B00BCDCA8 /* ShopItemSetTableViewController.swift */ = {isa = PBXFileReference; lastKnownFileType = sourcecode.swift; path = ShopItemSetTableViewController.swift; sourceTree = "<group>"; };
		77C5DD1828FAB0A900BCDCA8 /* ShopItemSetTableViewCell.swift */ = {isa = PBXFileReference; lastKnownFileType = sourcecode.swift; path = ShopItemSetTableViewCell.swift; sourceTree = "<group>"; };
		77D46D8C28FC15230064BBEC /* orderList.swift */ = {isa = PBXFileReference; lastKnownFileType = sourcecode.swift; path = orderList.swift; sourceTree = "<group>"; };
		77D46D8E28FC20DE0064BBEC /* orderListItem.swift */ = {isa = PBXFileReference; lastKnownFileType = sourcecode.swift; path = orderListItem.swift; sourceTree = "<group>"; };
		9CBAA19D28FF8C1700B91988 /* OrderListTableViewController.swift */ = {isa = PBXFileReference; lastKnownFileType = sourcecode.swift; path = OrderListTableViewController.swift; sourceTree = "<group>"; };
		9CBAA19F28FF8D7300B91988 /* OrderListTableViewCell.swift */ = {isa = PBXFileReference; lastKnownFileType = sourcecode.swift; path = OrderListTableViewCell.swift; sourceTree = "<group>"; };
/* End PBXFileReference section */

/* Begin PBXFrameworksBuildPhase section */
		7747965128F69A63001A13E1 /* Frameworks */ = {
			isa = PBXFrameworksBuildPhase;
			buildActionMask = 2147483647;
			files = (
				7747969128F6EC7B001A13E1 /* Kingfisher in Frameworks */,
			);
			runOnlyForDeploymentPostprocessing = 0;
		};
/* End PBXFrameworksBuildPhase section */

/* Begin PBXGroup section */
		7747964B28F69A63001A13E1 = {
			isa = PBXGroup;
			children = (
				7747965628F69A63001A13E1 /* LayaAppVerson1 */,
				7747965528F69A63001A13E1 /* Products */,
			);
			sourceTree = "<group>";
		};
		7747965528F69A63001A13E1 /* Products */ = {
			isa = PBXGroup;
			children = (
				7747965428F69A63001A13E1 /* LayaAppVerson1.app */,
			);
			name = Products;
			sourceTree = "<group>";
		};
		7747965628F69A63001A13E1 /* LayaAppVerson1 */ = {
			isa = PBXGroup;
			children = (
				7747965728F69A63001A13E1 /* AppDelegate.swift */,
				7747965928F69A63001A13E1 /* SceneDelegate.swift */,
				7747966E28F6C514001A13E1 /* Data */,
				7747966F28F6C51D001A13E1 /* DataModel */,
				7747967228F6C58B001A13E1 /* ViewIndex */,
				7747967328F6C59B001A13E1 /* ViewShop */,
				7747965D28F69A63001A13E1 /* Main.storyboard */,
				7747968D28F6E886001A13E1 /* indexShopUITableView.swift */,
				7747966328F69A65001A13E1 /* Assets.xcassets */,
				778E667128F8ED6E001A50E1 /* ViewShopItems */,
				7747966528F69A65001A13E1 /* LaunchScreen.storyboard */,
				7747966828F69A65001A13E1 /* Info.plist */,
				7747966028F69A63001A13E1 /* LayaAppVerson1.xcdatamodeld */,
			);
			path = LayaAppVerson1;
			sourceTree = "<group>";
		};
		7747966E28F6C514001A13E1 /* Data */ = {
			isa = PBXGroup;
			children = (
				7747967528F6C634001A13E1 /* Data.swift */,
				7747967728F6C648001A13E1 /* DataShop.swift */,
				778E667628F8F1BB001A50E1 /* DataShopItem.swift */,
				77D46D8E28FC20DE0064BBEC /* orderListItem.swift */,
				77D46D8C28FC15230064BBEC /* orderList.swift */,
			);
			path = Data;
			sourceTree = "<group>";
		};
		7747966F28F6C51D001A13E1 /* DataModel */ = {
			isa = PBXGroup;
			children = (
				7747967928F6C6FC001A13E1 /* DataModel.swift */,
			);
			path = DataModel;
			sourceTree = "<group>";
		};
		7747967228F6C58B001A13E1 /* ViewIndex */ = {
			isa = PBXGroup;
			children = (
				7747968828F6E7F6001A13E1 /* indexShopList */,
				7747968728F6E7E4001A13E1 /* indexList */,
			);
			path = ViewIndex;
			sourceTree = "<group>";
		};
		7747967328F6C59B001A13E1 /* ViewShop */ = {
			isa = PBXGroup;
			children = (
				9CBAA19C28FF8BEB00B91988 /* shopOrderList */,
				77C5DD1428FAB01E00BCDCA8 /* ShopItem */,
				77C5DD1528FAB05600BCDCA8 /* ShopItemSet */,
				778E666A28F810B6001A50E1 /* shopListIndex */,
				7747967428F6C5C2001A13E1 /* ViewShopTake */,
			);
			path = ViewShop;
			sourceTree = "<group>";
		};
		7747967428F6C5C2001A13E1 /* ViewShopTake */ = {
			isa = PBXGroup;
			children = (
				778E666D28F8112A001A50E1 /* ShopSellListTableViewCell.swift */,
				778E666F28F8115F001A50E1 /* ShopSellTableViewController.swift */,
			);
			path = ViewShopTake;
			sourceTree = "<group>";
		};
		7747968728F6E7E4001A13E1 /* indexList */ = {
			isa = PBXGroup;
			children = (
				7747967D28F6C7A3001A13E1 /* IndexTableViewController.swift */,
				7747967F28F6C7B4001A13E1 /* IndexTableViewCell.swift */,
			);
			path = indexList;
			sourceTree = "<group>";
		};
		7747968828F6E7F6001A13E1 /* indexShopList */ = {
			isa = PBXGroup;
			children = (
				7747968928F6E81B001A13E1 /* indexShopTableViewCell.swift */,
				7747968B28F6E82F001A13E1 /* indexShopTableViewController.swift */,
			);
			path = indexShopList;
			sourceTree = "<group>";
		};
		778E666A28F810B6001A50E1 /* shopListIndex */ = {
			isa = PBXGroup;
			children = (
				7747968328F6C7F3001A13E1 /* ShopTableViewController.swift */,
				7747968528F6C805001A13E1 /* ShopTableViewCell.swift */,
			);
			path = shopListIndex;
			sourceTree = "<group>";
		};
		778E667128F8ED6E001A50E1 /* ViewShopItems */ = {
			isa = PBXGroup;
			children = (
			);
			path = ViewShopItems;
			sourceTree = "<group>";
		};
		77C5DD1428FAB01E00BCDCA8 /* ShopItem */ = {
			isa = PBXGroup;
			children = (
				778E667828F8FC56001A50E1 /* ShopItemsTableViewCell.swift */,
				778E667228F8EDBE001A50E1 /* ShopItemsTableViewController.swift */,
				77C5DD1228FA66BD00BCDCA8 /* ShopItemMoreTableViewCell.swift */,
			);
			path = ShopItem;
			sourceTree = "<group>";
		};
		77C5DD1528FAB05600BCDCA8 /* ShopItemSet */ = {
			isa = PBXGroup;
			children = (
				77C5DD1628FAB08B00BCDCA8 /* ShopItemSetTableViewController.swift */,
				77C5DD1828FAB0A900BCDCA8 /* ShopItemSetTableViewCell.swift */,
			);
			path = ShopItemSet;
			sourceTree = "<group>";
		};
		9CBAA19C28FF8BEB00B91988 /* shopOrderList */ = {
			isa = PBXGroup;
			children = (
				9CBAA19D28FF8C1700B91988 /* OrderListTableViewController.swift */,
				9CBAA19F28FF8D7300B91988 /* OrderListTableViewCell.swift */,
			);
			path = shopOrderList;
			sourceTree = "<group>";
		};
/* End PBXGroup section */

/* Begin PBXNativeTarget section */
		7747965328F69A63001A13E1 /* LayaAppVerson1 */ = {
			isa = PBXNativeTarget;
			buildConfigurationList = 7747966B28F69A65001A13E1 /* Build configuration list for PBXNativeTarget "LayaAppVerson1" */;
			buildPhases = (
				7747965028F69A63001A13E1 /* Sources */,
				7747965128F69A63001A13E1 /* Frameworks */,
				7747965228F69A63001A13E1 /* Resources */,
			);
			buildRules = (
			);
			dependencies = (
			);
			name = LayaAppVerson1;
			packageProductDependencies = (
				7747969028F6EC7B001A13E1 /* Kingfisher */,
			);
			productName = LayaAppVerson1;
			productReference = 7747965428F69A63001A13E1 /* LayaAppVerson1.app */;
			productType = "com.apple.product-type.application";
		};
/* End PBXNativeTarget section */

/* Begin PBXProject section */
		7747964C28F69A63001A13E1 /* Project object */ = {
			isa = PBXProject;
			attributes = {
				BuildIndependentTargetsInParallel = 1;
				LastSwiftUpdateCheck = 1400;
				LastUpgradeCheck = 1400;
				TargetAttributes = {
					7747965328F69A63001A13E1 = {
						CreatedOnToolsVersion = 14.0.1;
					};
				};
			};
			buildConfigurationList = 7747964F28F69A63001A13E1 /* Build configuration list for PBXProject "LayaAppVerson1" */;
			compatibilityVersion = "Xcode 14.0";
			developmentRegion = en;
			hasScannedForEncodings = 0;
			knownRegions = (
				en,
				Base,
			);
			mainGroup = 7747964B28F69A63001A13E1;
			packageReferences = (
				7747968F28F6EC7B001A13E1 /* XCRemoteSwiftPackageReference "Kingfisher" */,
			);
			productRefGroup = 7747965528F69A63001A13E1 /* Products */;
			projectDirPath = "";
			projectRoot = "";
			targets = (
				7747965328F69A63001A13E1 /* LayaAppVerson1 */,
			);
		};
/* End PBXProject section */

/* Begin PBXResourcesBuildPhase section */
		7747965228F69A63001A13E1 /* Resources */ = {
			isa = PBXResourcesBuildPhase;
			buildActionMask = 2147483647;
			files = (
				7747966728F69A65001A13E1 /* LaunchScreen.storyboard in Resources */,
				7747966428F69A65001A13E1 /* Assets.xcassets in Resources */,
				7747965F28F69A63001A13E1 /* Main.storyboard in Resources */,
			);
			runOnlyForDeploymentPostprocessing = 0;
		};
/* End PBXResourcesBuildPhase section */

/* Begin PBXSourcesBuildPhase section */
		7747965028F69A63001A13E1 /* Sources */ = {
			isa = PBXSourcesBuildPhase;
			buildActionMask = 2147483647;
			files = (
				778E667328F8EDBE001A50E1 /* ShopItemsTableViewController.swift in Sources */,
				7747967E28F6C7A3001A13E1 /* IndexTableViewController.swift in Sources */,
				778E667728F8F1BB001A50E1 /* DataShopItem.swift in Sources */,
				77C5DD1728FAB08B00BCDCA8 /* ShopItemSetTableViewController.swift in Sources */,
				9CBAA19E28FF8C1700B91988 /* OrderListTableViewController.swift in Sources */,
				7747966228F69A63001A13E1 /* LayaAppVerson1.xcdatamodeld in Sources */,
				7747968628F6C805001A13E1 /* ShopTableViewCell.swift in Sources */,
				77D46D8D28FC15230064BBEC /* orderList.swift in Sources */,
				77D46D8F28FC20DE0064BBEC /* orderListItem.swift in Sources */,
				7747968028F6C7B4001A13E1 /* IndexTableViewCell.swift in Sources */,
				7747965828F69A63001A13E1 /* AppDelegate.swift in Sources */,
				7747967828F6C648001A13E1 /* DataShop.swift in Sources */,
				7747968A28F6E81B001A13E1 /* indexShopTableViewCell.swift in Sources */,
				778E667028F8115F001A50E1 /* ShopSellTableViewController.swift in Sources */,
				7747968C28F6E82F001A13E1 /* indexShopTableViewController.swift in Sources */,
				77C5DD1328FA66BD00BCDCA8 /* ShopItemMoreTableViewCell.swift in Sources */,
				7747965A28F69A63001A13E1 /* SceneDelegate.swift in Sources */,
				9CBAA1A028FF8D7300B91988 /* OrderListTableViewCell.swift in Sources */,
				77C5DD1928FAB0A900BCDCA8 /* ShopItemSetTableViewCell.swift in Sources */,
				7747968428F6C7F3001A13E1 /* ShopTableViewController.swift in Sources */,
				778E666E28F8112A001A50E1 /* ShopSellListTableViewCell.swift in Sources */,
				778E667928F8FC56001A50E1 /* ShopItemsTableViewCell.swift in Sources */,
				7747967628F6C634001A13E1 /* Data.swift in Sources */,
				7747968E28F6E886001A13E1 /* indexShopUITableView.swift in Sources */,
				7747967A28F6C6FC001A13E1 /* DataModel.swift in Sources */,
			);
			runOnlyForDeploymentPostprocessing = 0;
		};
/* End PBXSourcesBuildPhase section */

/* Begin PBXVariantGroup section */
		7747965D28F69A63001A13E1 /* Main.storyboard */ = {
			isa = PBXVariantGroup;
			children = (
				7747965E28F69A63001A13E1 /* Base */,
			);
			name = Main.storyboard;
			sourceTree = "<group>";
		};
		7747966528F69A65001A13E1 /* LaunchScreen.storyboard */ = {
			isa = PBXVariantGroup;
			children = (
				7747966628F69A65001A13E1 /* Base */,
			);
			name = LaunchScreen.storyboard;
			sourceTree = "<group>";
		};
/* End PBXVariantGroup section */

/* Begin XCBuildConfiguration section */
		7747966928F69A65001A13E1 /* Debug */ = {
			isa = XCBuildConfiguration;
			buildSettings = {
				ALWAYS_SEARCH_USER_PATHS = NO;
				CLANG_ANALYZER_NONNULL = YES;
				CLANG_ANALYZER_NUMBER_OBJECT_CONVERSION = YES_AGGRESSIVE;
				CLANG_CXX_LANGUAGE_STANDARD = "gnu++20";
				CLANG_ENABLE_MODULES = YES;
				CLANG_ENABLE_OBJC_ARC = YES;
				CLANG_ENABLE_OBJC_WEAK = YES;
				CLANG_WARN_BLOCK_CAPTURE_AUTORELEASING = YES;
				CLANG_WARN_BOOL_CONVERSION = YES;
				CLANG_WARN_COMMA = YES;
				CLANG_WARN_CONSTANT_CONVERSION = YES;
				CLANG_WARN_DEPRECATED_OBJC_IMPLEMENTATIONS = YES;
				CLANG_WARN_DIRECT_OBJC_ISA_USAGE = YES_ERROR;
				CLANG_WARN_DOCUMENTATION_COMMENTS = YES;
				CLANG_WARN_EMPTY_BODY = YES;
				CLANG_WARN_ENUM_CONVERSION = YES;
				CLANG_WARN_INFINITE_RECURSION = YES;
				CLANG_WARN_INT_CONVERSION = YES;
				CLANG_WARN_NON_LITERAL_NULL_CONVERSION = YES;
				CLANG_WARN_OBJC_IMPLICIT_RETAIN_SELF = YES;
				CLANG_WARN_OBJC_LITERAL_CONVERSION = YES;
				CLANG_WARN_OBJC_ROOT_CLASS = YES_ERROR;
				CLANG_WARN_QUOTED_INCLUDE_IN_FRAMEWORK_HEADER = YES;
				CLANG_WARN_RANGE_LOOP_ANALYSIS = YES;
				CLANG_WARN_STRICT_PROTOTYPES = YES;
				CLANG_WARN_SUSPICIOUS_MOVE = YES;
				CLANG_WARN_UNGUARDED_AVAILABILITY = YES_AGGRESSIVE;
				CLANG_WARN_UNREACHABLE_CODE = YES;
				CLANG_WARN__DUPLICATE_METHOD_MATCH = YES;
				COPY_PHASE_STRIP = NO;
				DEBUG_INFORMATION_FORMAT = dwarf;
				ENABLE_STRICT_OBJC_MSGSEND = YES;
				ENABLE_TESTABILITY = YES;
				GCC_C_LANGUAGE_STANDARD = gnu11;
				GCC_DYNAMIC_NO_PIC = NO;
				GCC_NO_COMMON_BLOCKS = YES;
				GCC_OPTIMIZATION_LEVEL = 0;
				GCC_PREPROCESSOR_DEFINITIONS = (
					"DEBUG=1",
					"$(inherited)",
				);
				GCC_WARN_64_TO_32_BIT_CONVERSION = YES;
				GCC_WARN_ABOUT_RETURN_TYPE = YES_ERROR;
				GCC_WARN_UNDECLARED_SELECTOR = YES;
				GCC_WARN_UNINITIALIZED_AUTOS = YES_AGGRESSIVE;
				GCC_WARN_UNUSED_FUNCTION = YES;
				GCC_WARN_UNUSED_VARIABLE = YES;
				IPHONEOS_DEPLOYMENT_TARGET = 15.6;
				MTL_ENABLE_DEBUG_INFO = INCLUDE_SOURCE;
				MTL_FAST_MATH = YES;
				ONLY_ACTIVE_ARCH = YES;
				SDKROOT = iphoneos;
				SWIFT_ACTIVE_COMPILATION_CONDITIONS = DEBUG;
				SWIFT_OPTIMIZATION_LEVEL = "-Onone";
			};
			name = Debug;
		};
		7747966A28F69A65001A13E1 /* Release */ = {
			isa = XCBuildConfiguration;
			buildSettings = {
				ALWAYS_SEARCH_USER_PATHS = NO;
				CLANG_ANALYZER_NONNULL = YES;
				CLANG_ANALYZER_NUMBER_OBJECT_CONVERSION = YES_AGGRESSIVE;
				CLANG_CXX_LANGUAGE_STANDARD = "gnu++20";
				CLANG_ENABLE_MODULES = YES;
				CLANG_ENABLE_OBJC_ARC = YES;
				CLANG_ENABLE_OBJC_WEAK = YES;
				CLANG_WARN_BLOCK_CAPTURE_AUTORELEASING = YES;
				CLANG_WARN_BOOL_CONVERSION = YES;
				CLANG_WARN_COMMA = YES;
				CLANG_WARN_CONSTANT_CONVERSION = YES;
				CLANG_WARN_DEPRECATED_OBJC_IMPLEMENTATIONS = YES;
				CLANG_WARN_DIRECT_OBJC_ISA_USAGE = YES_ERROR;
				CLANG_WARN_DOCUMENTATION_COMMENTS = YES;
				CLANG_WARN_EMPTY_BODY = YES;
				CLANG_WARN_ENUM_CONVERSION = YES;
				CLANG_WARN_INFINITE_RECURSION = YES;
				CLANG_WARN_INT_CONVERSION = YES;
				CLANG_WARN_NON_LITERAL_NULL_CONVERSION = YES;
				CLANG_WARN_OBJC_IMPLICIT_RETAIN_SELF = YES;
				CLANG_WARN_OBJC_LITERAL_CONVERSION = YES;
				CLANG_WARN_OBJC_ROOT_CLASS = YES_ERROR;
				CLANG_WARN_QUOTED_INCLUDE_IN_FRAMEWORK_HEADER = YES;
				CLANG_WARN_RANGE_LOOP_ANALYSIS = YES;
				CLANG_WARN_STRICT_PROTOTYPES = YES;
				CLANG_WARN_SUSPICIOUS_MOVE = YES;
				CLANG_WARN_UNGUARDED_AVAILABILITY = YES_AGGRESSIVE;
				CLANG_WARN_UNREACHABLE_CODE = YES;
				CLANG_WARN__DUPLICATE_METHOD_MATCH = YES;
				COPY_PHASE_STRIP = NO;
				DEBUG_INFORMATION_FORMAT = "dwarf-with-dsym";
				ENABLE_NS_ASSERTIONS = NO;
				ENABLE_STRICT_OBJC_MSGSEND = YES;
				GCC_C_LANGUAGE_STANDARD = gnu11;
				GCC_NO_COMMON_BLOCKS = YES;
				GCC_WARN_64_TO_32_BIT_CONVERSION = YES;
				GCC_WARN_ABOUT_RETURN_TYPE = YES_ERROR;
				GCC_WARN_UNDECLARED_SELECTOR = YES;
				GCC_WARN_UNINITIALIZED_AUTOS = YES_AGGRESSIVE;
				GCC_WARN_UNUSED_FUNCTION = YES;
				GCC_WARN_UNUSED_VARIABLE = YES;
				IPHONEOS_DEPLOYMENT_TARGET = 15.6;
				MTL_ENABLE_DEBUG_INFO = NO;
				MTL_FAST_MATH = YES;
				SDKROOT = iphoneos;
				SWIFT_COMPILATION_MODE = wholemodule;
				SWIFT_OPTIMIZATION_LEVEL = "-O";
				VALIDATE_PRODUCT = YES;
			};
			name = Release;
		};
		7747966C28F69A65001A13E1 /* Debug */ = {
			isa = XCBuildConfiguration;
			buildSettings = {
				ASSETCATALOG_COMPILER_APPICON_NAME = AppIcon;
				ASSETCATALOG_COMPILER_GLOBAL_ACCENT_COLOR_NAME = AccentColor;
				CODE_SIGN_STYLE = Automatic;
				CURRENT_PROJECT_VERSION = 1;
				DEVELOPMENT_TEAM = NF25GHLZV2;
				GENERATE_INFOPLIST_FILE = YES;
				INFOPLIST_FILE = LayaAppVerson1/Info.plist;
				INFOPLIST_KEY_UIApplicationSupportsIndirectInputEvents = YES;
				INFOPLIST_KEY_UILaunchStoryboardName = LaunchScreen;
				INFOPLIST_KEY_UIMainStoryboardFile = Main;
				INFOPLIST_KEY_UISupportedInterfaceOrientations_iPad = "UIInterfaceOrientationPortrait UIInterfaceOrientationPortraitUpsideDown UIInterfaceOrientationLandscapeLeft UIInterfaceOrientationLandscapeRight";
				INFOPLIST_KEY_UISupportedInterfaceOrientations_iPhone = "UIInterfaceOrientationPortrait UIInterfaceOrientationLandscapeLeft UIInterfaceOrientationLandscapeRight";
				LD_RUNPATH_SEARCH_PATHS = (
					"$(inherited)",
					"@executable_path/Frameworks",
				);
				MARKETING_VERSION = 1.0;
				PRODUCT_BUNDLE_IDENTIFIER = com.tim.LayaAppVerson1;
				PRODUCT_NAME = "$(TARGET_NAME)";
				SWIFT_EMIT_LOC_STRINGS = YES;
				SWIFT_VERSION = 5.0;
				TARGETED_DEVICE_FAMILY = "1,2";
			};
			name = Debug;
		};
		7747966D28F69A65001A13E1 /* Release */ = {
			isa = XCBuildConfiguration;
			buildSettings = {
				ASSETCATALOG_COMPILER_APPICON_NAME = AppIcon;
				ASSETCATALOG_COMPILER_GLOBAL_ACCENT_COLOR_NAME = AccentColor;
				CODE_SIGN_STYLE = Automatic;
				CURRENT_PROJECT_VERSION = 1;
				DEVELOPMENT_TEAM = NF25GHLZV2;
				GENERATE_INFOPLIST_FILE = YES;
				INFOPLIST_FILE = LayaAppVerson1/Info.plist;
				INFOPLIST_KEY_UIApplicationSupportsIndirectInputEvents = YES;
				INFOPLIST_KEY_UILaunchStoryboardName = LaunchScreen;
				INFOPLIST_KEY_UIMainStoryboardFile = Main;
				INFOPLIST_KEY_UISupportedInterfaceOrientations_iPad = "UIInterfaceOrientationPortrait UIInterfaceOrientationPortraitUpsideDown UIInterfaceOrientationLandscapeLeft UIInterfaceOrientationLandscapeRight";
				INFOPLIST_KEY_UISupportedInterfaceOrientations_iPhone = "UIInterfaceOrientationPortrait UIInterfaceOrientationLandscapeLeft UIInterfaceOrientationLandscapeRight";
				LD_RUNPATH_SEARCH_PATHS = (
					"$(inherited)",
					"@executable_path/Frameworks",
				);
				MARKETING_VERSION = 1.0;
				PRODUCT_BUNDLE_IDENTIFIER = com.tim.LayaAppVerson1;
				PRODUCT_NAME = "$(TARGET_NAME)";
				SWIFT_EMIT_LOC_STRINGS = YES;
				SWIFT_VERSION = 5.0;
				TARGETED_DEVICE_FAMILY = "1,2";
			};
			name = Release;
		};
/* End XCBuildConfiguration section */

/* Begin XCConfigurationList section */
		7747964F28F69A63001A13E1 /* Build configuration list for PBXProject "LayaAppVerson1" */ = {
			isa = XCConfigurationList;
			buildConfigurations = (
				7747966928F69A65001A13E1 /* Debug */,
				7747966A28F69A65001A13E1 /* Release */,
			);
			defaultConfigurationIsVisible = 0;
			defaultConfigurationName = Release;
		};
		7747966B28F69A65001A13E1 /* Build configuration list for PBXNativeTarget "LayaAppVerson1" */ = {
			isa = XCConfigurationList;
			buildConfigurations = (
				7747966C28F69A65001A13E1 /* Debug */,
				7747966D28F69A65001A13E1 /* Release */,
			);
			defaultConfigurationIsVisible = 0;
			defaultConfigurationName = Release;
		};
/* End XCConfigurationList section */

/* Begin XCRemoteSwiftPackageReference section */
		7747968F28F6EC7B001A13E1 /* XCRemoteSwiftPackageReference "Kingfisher" */ = {
			isa = XCRemoteSwiftPackageReference;
			repositoryURL = "https://github.com/onevcat/Kingfisher.git";
			requirement = {
				branch = master;
				kind = branch;
			};
		};
/* End XCRemoteSwiftPackageReference section */

/* Begin XCSwiftPackageProductDependency section */
		7747969028F6EC7B001A13E1 /* Kingfisher */ = {
			isa = XCSwiftPackageProductDependency;
			package = 7747968F28F6EC7B001A13E1 /* XCRemoteSwiftPackageReference "Kingfisher" */;
			productName = Kingfisher;
		};
/* End XCSwiftPackageProductDependency section */

/* Begin XCVersionGroup section */
		7747966028F69A63001A13E1 /* LayaAppVerson1.xcdatamodeld */ = {
			isa = XCVersionGroup;
			children = (
				7747966128F69A63001A13E1 /* LayaAppVerson1.xcdatamodel */,
			);
			currentVersion = 7747966128F69A63001A13E1 /* LayaAppVerson1.xcdatamodel */;
			path = LayaAppVerson1.xcdatamodeld;
			sourceTree = "<group>";
			versionGroupType = wrapper.xcdatamodel;
		};
/* End XCVersionGroup section */
	};
	rootObject = 7747964C28F69A63001A13E1 /* Project object */;
}
